
Microsoft Visual Studio Solution File, Format Version 12.00
# Visual Studio Version 16
VisualStudioVersion = 16.0.31129.286
MinimumVisualStudioVersion = 10.0.40219.1
Project("{FAE04EC0-301F-11D3-BF4B-00C04F79EFBC}") = "CodeFirst_Example3", "CodeFirst_Example3\CodeFirst_Example3.csproj", "{530A4E38-A3B6-4010-93ED-EBF14E4A5B54}"
EndProject
Global
	GlobalSection(SolutionConfigurationPlatforms) = preSolution
		Debug|Any CPU = Debug|Any CPU
		Release|Any CPU = Release|Any CPU
	EndGlobalSection
	GlobalSection(ProjectConfigurationPlatforms) = postSolution
		{530A4E38-A3B6-4010-93ED-EBF14E4A5B54}.Debug|Any CPU.ActiveCfg = Debug|Any CPU
		{530A4E38-A3B6-4010-93ED-EBF14E4A5B54}.Debug|Any CPU.Build.0 = Debug|Any CPU
		{530A4E38-A3B6-4010-93ED-EBF14E4A5B54}.Release|Any CPU.ActiveCfg = Release|Any CPU
		{530A4E38-A3B6-4010-93ED-EBF14E4A5B54}.Release|Any CPU.Build.0 = Release|Any CPU
	EndGlobalSection
	GlobalSection(SolutionProperties) = preSolution
		HideSolutionNode = FALSE
	EndGlobalSection
	GlobalSection(ExtensibilityGlobals) = postSolution
		SolutionGuid = {8FBAA0E0-3D1E-41C3-97D8-D20B8A255EB2}
	EndGlobalSection
EndGlobal
